
Microsoft Visual Studio Solution File, Format Version 12.00
# Visual Studio 15
VisualStudioVersion = 15.0.26124.0
MinimumVisualStudioVersion = 15.0.26124.0
Project("{FAE04EC0-301F-11D3-BF4B-00C04F79EFBC}") = "Eventstore.Client", "Eventstore.Client\Eventstore.Client.csproj", "{D4EFB388-96A4-48F7-B133-077BF4BD9F22}"
EndProject
Global
	GlobalSection(SolutionConfigurationPlatforms) = preSolution
		Debug|Any CPU = Debug|Any CPU
		Release|Any CPU = Release|Any CPU
	EndGlobalSection
	GlobalSection(SolutionProperties) = preSolution
		HideSolutionNode = FALSE
	EndGlobalSection
	GlobalSection(ProjectConfigurationPlatforms) = postSolution
		{D4EFB388-96A4-48F7-B133-077BF4BD9F22}.Debug|Any CPU.ActiveCfg = Debug|Any CPU
		{D4EFB388-96A4-48F7-B133-077BF4BD9F22}.Debug|Any CPU.Build.0 = Debug|Any CPU
		{D4EFB388-96A4-48F7-B133-077BF4BD9F22}.Debug|x64.ActiveCfg = Debug|Any CPU
		{D4EFB388-96A4-48F7-B133-077BF4BD9F22}.Debug|x64.Build.0 = Debug|Any CPU
		{D4EFB388-96A4-48F7-B133-077BF4BD9F22}.Debug|x86.ActiveCfg = Debug|Any CPU
		{D4EFB388-96A4-48F7-B133-077BF4BD9F22}.Debug|x86.Build.0 = Debug|Any CPU
		{D4EFB388-96A4-48F7-B133-077BF4BD9F22}.Release|Any CPU.ActiveCfg = Release|Any CPU
		{D4EFB388-96A4-48F7-B133-077BF4BD9F22}.Release|Any CPU.Build.0 = Release|Any CPU
		{D4EFB388-96A4-48F7-B133-077BF4BD9F22}.Release|x64.ActiveCfg = Release|Any CPU
		{D4EFB388-96A4-48F7-B133-077BF4BD9F22}.Release|x64.Build.0 = Release|Any CPU
		{D4EFB388-96A4-48F7-B133-077BF4BD9F22}.Release|x86.ActiveCfg = Release|Any CPU
		{D4EFB388-96A4-48F7-B133-077BF4BD9F22}.Release|x86.Build.0 = Release|Any CPU
	EndGlobalSection
EndGlobal
